
Microsoft Visual Studio Solution File, Format Version 12.00
Project("{FAE04EC0-301F-11D3-BF4B-00C04F79EFBC}") = "WebAPI", "WebAPI\WebAPI.csproj", "{E5F942DD-C72C-4ADB-9269-6B7C16D36F1A}"
EndProject
Project("{FAE04EC0-301F-11D3-BF4B-00C04F79EFBC}") = "Shared", "Shared\Shared.csproj", "{133F1467-B111-4E1D-BEF0-ED8767904902}"
EndProject
Project("{FAE04EC0-301F-11D3-BF4B-00C04F79EFBC}") = "Infrastructure", "Infrastructure\Infrastructure.csproj", "{CA62DC48-F2F1-476B-8BB1-1FEB6802A293}"
EndProject
Project("{FAE04EC0-301F-11D3-BF4B-00C04F79EFBC}") = "Core", "Core\Core.csproj", "{CC2A5C48-097C-4B2B-AB95-40DF660D0E3C}"
EndProject
Global
	GlobalSection(SolutionConfigurationPlatforms) = preSolution
		Debug|Any CPU = Debug|Any CPU
		Release|Any CPU = Release|Any CPU
	EndGlobalSection
	GlobalSection(ProjectConfigurationPlatforms) = postSolution
		{E5F942DD-C72C-4ADB-9269-6B7C16D36F1A}.Debug|Any CPU.ActiveCfg = Debug|Any CPU
		{E5F942DD-C72C-4ADB-9269-6B7C16D36F1A}.Debug|Any CPU.Build.0 = Debug|Any CPU
		{E5F942DD-C72C-4ADB-9269-6B7C16D36F1A}.Release|Any CPU.ActiveCfg = Release|Any CPU
		{E5F942DD-C72C-4ADB-9269-6B7C16D36F1A}.Release|Any CPU.Build.0 = Release|Any CPU
		{133F1467-B111-4E1D-BEF0-ED8767904902}.Debug|Any CPU.ActiveCfg = Debug|Any CPU
		{133F1467-B111-4E1D-BEF0-ED8767904902}.Debug|Any CPU.Build.0 = Debug|Any CPU
		{133F1467-B111-4E1D-BEF0-ED8767904902}.Release|Any CPU.ActiveCfg = Release|Any CPU
		{133F1467-B111-4E1D-BEF0-ED8767904902}.Release|Any CPU.Build.0 = Release|Any CPU
		{CA62DC48-F2F1-476B-8BB1-1FEB6802A293}.Debug|Any CPU.ActiveCfg = Debug|Any CPU
		{CA62DC48-F2F1-476B-8BB1-1FEB6802A293}.Debug|Any CPU.Build.0 = Debug|Any CPU
		{CA62DC48-F2F1-476B-8BB1-1FEB6802A293}.Release|Any CPU.ActiveCfg = Release|Any CPU
		{CA62DC48-F2F1-476B-8BB1-1FEB6802A293}.Release|Any CPU.Build.0 = Release|Any CPU
		{CC2A5C48-097C-4B2B-AB95-40DF660D0E3C}.Debug|Any CPU.ActiveCfg = Debug|Any CPU
		{CC2A5C48-097C-4B2B-AB95-40DF660D0E3C}.Debug|Any CPU.Build.0 = Debug|Any CPU
		{CC2A5C48-097C-4B2B-AB95-40DF660D0E3C}.Release|Any CPU.ActiveCfg = Release|Any CPU
		{CC2A5C48-097C-4B2B-AB95-40DF660D0E3C}.Release|Any CPU.Build.0 = Release|Any CPU
	EndGlobalSection
EndGlobal
